
Microsoft Visual Studio Solution File, Format Version 12.00
# Visual Studio Version 16
VisualStudioVersion = 16.0.30011.22
MinimumVisualStudioVersion = 10.0.40219.1
Project("{FAE04EC0-301F-11D3-BF4B-00C04F79EFBC}") = "Frontend", "Frontend\Frontend.csproj", "{FF1191D0-FBB8-4773-9CF8-6B066D867B11}"
EndProject
Project("{FAE04EC0-301F-11D3-BF4B-00C04F79EFBC}") = "Backend", "Backend\Backend.csproj", "{8A00643B-41D0-4A5F-BADB-D1FF516D960C}"
EndProject
Global
	GlobalSection(SolutionConfigurationPlatforms) = preSolution
		Debug|Any CPU = Debug|Any CPU
		Release|Any CPU = Release|Any CPU
	EndGlobalSection
	GlobalSection(ProjectConfigurationPlatforms) = postSolution
		{FF1191D0-FBB8-4773-9CF8-6B066D867B11}.Debug|Any CPU.ActiveCfg = Debug|Any CPU
		{FF1191D0-FBB8-4773-9CF8-6B066D867B11}.Debug|Any CPU.Build.0 = Debug|Any CPU
		{FF1191D0-FBB8-4773-9CF8-6B066D867B11}.Release|Any CPU.ActiveCfg = Release|Any CPU
		{FF1191D0-FBB8-4773-9CF8-6B066D867B11}.Release|Any CPU.Build.0 = Release|Any CPU
		{8A00643B-41D0-4A5F-BADB-D1FF516D960C}.Debug|Any CPU.ActiveCfg = Debug|Any CPU
		{8A00643B-41D0-4A5F-BADB-D1FF516D960C}.Debug|Any CPU.Build.0 = Debug|Any CPU
		{8A00643B-41D0-4A5F-BADB-D1FF516D960C}.Release|Any CPU.ActiveCfg = Release|Any CPU
		{8A00643B-41D0-4A5F-BADB-D1FF516D960C}.Release|Any CPU.Build.0 = Release|Any CPU
	EndGlobalSection
	GlobalSection(SolutionProperties) = preSolution
		HideSolutionNode = FALSE
	EndGlobalSection
	GlobalSection(ExtensibilityGlobals) = postSolution
		SolutionGuid = {B648AE45-6958-49A2-9B42-B7C028D23486}
	EndGlobalSection
EndGlobal
