
Microsoft Visual Studio Solution File, Format Version 12.00
# Visual Studio Version 16
VisualStudioVersion = 16.0.30011.22
MinimumVisualStudioVersion = 10.0.40219.1
Project("{FAE04EC0-301F-11D3-BF4B-00C04F79EFBC}") = "EjemploWhile", "EjemploWhile\EjemploWhile.csproj", "{EC3182CD-6D67-4EBF-A481-37D799BC0B95}"
EndProject
Global
	GlobalSection(SolutionConfigurationPlatforms) = preSolution
		Debug|Any CPU = Debug|Any CPU
		Release|Any CPU = Release|Any CPU
	EndGlobalSection
	GlobalSection(ProjectConfigurationPlatforms) = postSolution
		{EC3182CD-6D67-4EBF-A481-37D799BC0B95}.Debug|Any CPU.ActiveCfg = Debug|Any CPU
		{EC3182CD-6D67-4EBF-A481-37D799BC0B95}.Debug|Any CPU.Build.0 = Debug|Any CPU
		{EC3182CD-6D67-4EBF-A481-37D799BC0B95}.Release|Any CPU.ActiveCfg = Release|Any CPU
		{EC3182CD-6D67-4EBF-A481-37D799BC0B95}.Release|Any CPU.Build.0 = Release|Any CPU
	EndGlobalSection
	GlobalSection(SolutionProperties) = preSolution
		HideSolutionNode = FALSE
	EndGlobalSection
	GlobalSection(ExtensibilityGlobals) = postSolution
		SolutionGuid = {2E11DBCE-7F9C-48BC-B08F-F46FD375E1AB}
	EndGlobalSection
EndGlobal
